
Microsoft Visual Studio Solution File, Format Version 12.00
# Visual Studio Version 17
VisualStudioVersion = 17.0.31612.314
MinimumVisualStudioVersion = 10.0.40219.1
Project("{FAE04EC0-301F-11D3-BF4B-00C04F79EFBC}") = "AlbumCollection", "AlbumCollection\AlbumCollection.csproj", "{E6C26A13-18D9-472D-BA32-F9902F1BD39E}"
EndProject
Global
	GlobalSection(SolutionConfigurationPlatforms) = preSolution
		Debug|Any CPU = Debug|Any CPU
		Release|Any CPU = Release|Any CPU
	EndGlobalSection
	GlobalSection(ProjectConfigurationPlatforms) = postSolution
		{E6C26A13-18D9-472D-BA32-F9902F1BD39E}.Debug|Any CPU.ActiveCfg = Debug|Any CPU
		{E6C26A13-18D9-472D-BA32-F9902F1BD39E}.Debug|Any CPU.Build.0 = Debug|Any CPU
		{E6C26A13-18D9-472D-BA32-F9902F1BD39E}.Release|Any CPU.ActiveCfg = Release|Any CPU
		{E6C26A13-18D9-472D-BA32-F9902F1BD39E}.Release|Any CPU.Build.0 = Release|Any CPU
	EndGlobalSection
	GlobalSection(SolutionProperties) = preSolution
		HideSolutionNode = FALSE
	EndGlobalSection
	GlobalSection(ExtensibilityGlobals) = postSolution
		SolutionGuid = {82A6B429-BBFA-4C99-B965-276B4ECB2D2E}
	EndGlobalSection
EndGlobal
